
Microsoft Visual Studio Solution File, Format Version 12.00
# Visual Studio 15
VisualStudioVersion = 15.0.28307.1300
MinimumVisualStudioVersion = 10.0.40219.1
Project("{FAE04EC0-301F-11D3-BF4B-00C04F79EFBC}") = "GutenbergProject", "GutenbergProject\GutenbergProject.csproj", "{CE7A0543-0286-4F20-BBCB-6A8E3D307DF1}"
EndProject
Project("{FAE04EC0-301F-11D3-BF4B-00C04F79EFBC}") = "TestGutenbergProject.UnitTests", "TestGutenbergProject.UnitTests\TestGutenbergProject.UnitTests.csproj", "{D81FD477-B342-4E82-9E6A-E2A81159423C}"
EndProject
Global
	GlobalSection(SolutionConfigurationPlatforms) = preSolution
		Debug|Any CPU = Debug|Any CPU
		Release|Any CPU = Release|Any CPU
	EndGlobalSection
	GlobalSection(ProjectConfigurationPlatforms) = postSolution
		{CE7A0543-0286-4F20-BBCB-6A8E3D307DF1}.Debug|Any CPU.ActiveCfg = Debug|Any CPU
		{CE7A0543-0286-4F20-BBCB-6A8E3D307DF1}.Debug|Any CPU.Build.0 = Debug|Any CPU
		{CE7A0543-0286-4F20-BBCB-6A8E3D307DF1}.Release|Any CPU.ActiveCfg = Release|Any CPU
		{CE7A0543-0286-4F20-BBCB-6A8E3D307DF1}.Release|Any CPU.Build.0 = Release|Any CPU
		{D81FD477-B342-4E82-9E6A-E2A81159423C}.Debug|Any CPU.ActiveCfg = Debug|Any CPU
		{D81FD477-B342-4E82-9E6A-E2A81159423C}.Debug|Any CPU.Build.0 = Debug|Any CPU
		{D81FD477-B342-4E82-9E6A-E2A81159423C}.Release|Any CPU.ActiveCfg = Release|Any CPU
		{D81FD477-B342-4E82-9E6A-E2A81159423C}.Release|Any CPU.Build.0 = Release|Any CPU
	EndGlobalSection
	GlobalSection(SolutionProperties) = preSolution
		HideSolutionNode = FALSE
	EndGlobalSection
	GlobalSection(ExtensibilityGlobals) = postSolution
		SolutionGuid = {7F285ED6-C0E7-45D8-9A2B-32724493A2C2}
	EndGlobalSection
EndGlobal
